
Microsoft Visual Studio Solution File, Format Version 12.00
# Visual Studio 15
VisualStudioVersion = 15.0.28010.2016
MinimumVisualStudioVersion = 10.0.40219.1
Project("{FAE04EC0-301F-11D3-BF4B-00C04F79EFBC}") = "WebDriverForAvBY", "WebDriverForAvBY\WebDriverForAvBY.csproj", "{201F4591-0427-47F3-9BDF-54C1120D564F}"
EndProject
Project("{FAE04EC0-301F-11D3-BF4B-00C04F79EFBC}") = "WebDriverForAvBY.Core", "WebDriverForAvBY.Core\WebDriverForAvBY.Core.csproj", "{AF2D4526-13D7-43CA-A639-CA13F5FC0ACA}"
EndProject
Project("{FAE04EC0-301F-11D3-BF4B-00C04F79EFBC}") = "WebDriverForAvBY.Mail", "WebDriverForAvBY.Mail\WebDriverForAvBY.Mail.csproj", "{BAF256A3-6DF9-4A48-BF3E-BBF43F5E5EB6}"
EndProject
Global
	GlobalSection(SolutionConfigurationPlatforms) = preSolution
		Debug|Any CPU = Debug|Any CPU
		Release|Any CPU = Release|Any CPU
	EndGlobalSection
	GlobalSection(ProjectConfigurationPlatforms) = postSolution
		{201F4591-0427-47F3-9BDF-54C1120D564F}.Debug|Any CPU.ActiveCfg = Debug|Any CPU
		{201F4591-0427-47F3-9BDF-54C1120D564F}.Debug|Any CPU.Build.0 = Debug|Any CPU
		{201F4591-0427-47F3-9BDF-54C1120D564F}.Release|Any CPU.ActiveCfg = Release|Any CPU
		{201F4591-0427-47F3-9BDF-54C1120D564F}.Release|Any CPU.Build.0 = Release|Any CPU
		{AF2D4526-13D7-43CA-A639-CA13F5FC0ACA}.Debug|Any CPU.ActiveCfg = Debug|Any CPU
		{AF2D4526-13D7-43CA-A639-CA13F5FC0ACA}.Debug|Any CPU.Build.0 = Debug|Any CPU
		{AF2D4526-13D7-43CA-A639-CA13F5FC0ACA}.Release|Any CPU.ActiveCfg = Release|Any CPU
		{AF2D4526-13D7-43CA-A639-CA13F5FC0ACA}.Release|Any CPU.Build.0 = Release|Any CPU
		{BAF256A3-6DF9-4A48-BF3E-BBF43F5E5EB6}.Debug|Any CPU.ActiveCfg = Debug|Any CPU
		{BAF256A3-6DF9-4A48-BF3E-BBF43F5E5EB6}.Debug|Any CPU.Build.0 = Debug|Any CPU
		{BAF256A3-6DF9-4A48-BF3E-BBF43F5E5EB6}.Release|Any CPU.ActiveCfg = Release|Any CPU
		{BAF256A3-6DF9-4A48-BF3E-BBF43F5E5EB6}.Release|Any CPU.Build.0 = Release|Any CPU
	EndGlobalSection
	GlobalSection(SolutionProperties) = preSolution
		HideSolutionNode = FALSE
	EndGlobalSection
	GlobalSection(ExtensibilityGlobals) = postSolution
		SolutionGuid = {A2FA4E5B-E0D8-43ED-AB01-0CE83DB83055}
	EndGlobalSection
EndGlobal
